
Microsoft Visual Studio Solution File, Format Version 12.00
# Visual Studio Version 17
VisualStudioVersion = 17.5.002.0
MinimumVisualStudioVersion = 10.0.40219.1
Project("{9A19103F-16F7-4668-BE54-9A1E7A4F7556}") = "SchoolManagementApp.MVC", "SchoolManagementApp.MVC.csproj", "{BFF854AE-A28D-4A30-BD6E-E3A63E482D64}"
EndProject
Global
	GlobalSection(SolutionConfigurationPlatforms) = preSolution
		Debug|Any CPU = Debug|Any CPU
		Release|Any CPU = Release|Any CPU
	EndGlobalSection
	GlobalSection(ProjectConfigurationPlatforms) = postSolution
		{BFF854AE-A28D-4A30-BD6E-E3A63E482D64}.Debug|Any CPU.ActiveCfg = Debug|Any CPU
		{BFF854AE-A28D-4A30-BD6E-E3A63E482D64}.Debug|Any CPU.Build.0 = Debug|Any CPU
		{BFF854AE-A28D-4A30-BD6E-E3A63E482D64}.Release|Any CPU.ActiveCfg = Release|Any CPU
		{BFF854AE-A28D-4A30-BD6E-E3A63E482D64}.Release|Any CPU.Build.0 = Release|Any CPU
	EndGlobalSection
	GlobalSection(SolutionProperties) = preSolution
		HideSolutionNode = FALSE
	EndGlobalSection
	GlobalSection(ExtensibilityGlobals) = postSolution
		SolutionGuid = {17EC7B52-4487-4F66-A8DC-6291D3A6AD60}
	EndGlobalSection
EndGlobal
